
Microsoft Visual Studio Solution File, Format Version 12.00
# Visual Studio Version 17
VisualStudioVersion = 17.5.33516.290
MinimumVisualStudioVersion = 10.0.40219.1
Project("{9A19103F-16F7-4668-BE54-9A1E7A4F7556}") = "la-mia-pizzeria-static", "la-mia-pizzeria-static\la-mia-pizzeria-static.csproj", "{260722E3-6A34-4F32-8A40-FEC4078567DB}"
EndProject
Project("{FAE04EC0-301F-11D3-BF4B-00C04F79EFBC}") = "Razor", "Razor\Razor.csproj", "{C95F3EB8-E9F5-4EE8-B880-49520AD5C4FA}"
EndProject
Global
	GlobalSection(SolutionConfigurationPlatforms) = preSolution
		Debug|Any CPU = Debug|Any CPU
		Release|Any CPU = Release|Any CPU
	EndGlobalSection
	GlobalSection(ProjectConfigurationPlatforms) = postSolution
		{260722E3-6A34-4F32-8A40-FEC4078567DB}.Debug|Any CPU.ActiveCfg = Debug|Any CPU
		{260722E3-6A34-4F32-8A40-FEC4078567DB}.Debug|Any CPU.Build.0 = Debug|Any CPU
		{260722E3-6A34-4F32-8A40-FEC4078567DB}.Release|Any CPU.ActiveCfg = Release|Any CPU
		{260722E3-6A34-4F32-8A40-FEC4078567DB}.Release|Any CPU.Build.0 = Release|Any CPU
		{C95F3EB8-E9F5-4EE8-B880-49520AD5C4FA}.Debug|Any CPU.ActiveCfg = Debug|Any CPU
		{C95F3EB8-E9F5-4EE8-B880-49520AD5C4FA}.Debug|Any CPU.Build.0 = Debug|Any CPU
		{C95F3EB8-E9F5-4EE8-B880-49520AD5C4FA}.Release|Any CPU.ActiveCfg = Release|Any CPU
		{C95F3EB8-E9F5-4EE8-B880-49520AD5C4FA}.Release|Any CPU.Build.0 = Release|Any CPU
	EndGlobalSection
	GlobalSection(SolutionProperties) = preSolution
		HideSolutionNode = FALSE
	EndGlobalSection
	GlobalSection(ExtensibilityGlobals) = postSolution
		SolutionGuid = {B2B7D3B5-3D84-470E-99A2-0C69417D218D}
	EndGlobalSection
EndGlobal
